
Microsoft Visual Studio Solution File, Format Version 12.00
# Visual Studio Version 17
VisualStudioVersion = 17.7.34031.279
MinimumVisualStudioVersion = 10.0.40219.1
Project("{9A19103F-16F7-4668-BE54-9A1E7A4F7556}") = "Hidrológia", "Hidrológia\Hidrológia.csproj", "{29F22A63-DEEB-4895-9A02-46DC94B62A06}"
EndProject
Project("{FAE04EC0-301F-11D3-BF4B-00C04F79EFBC}") = "HidrológiaTest", "HidrológiaTest\HidrológiaTest.csproj", "{F58A54A7-A1D4-4D1B-B2E8-D50815062E96}"
EndProject
Global
	GlobalSection(SolutionConfigurationPlatforms) = preSolution
		Debug|Any CPU = Debug|Any CPU
		Release|Any CPU = Release|Any CPU
	EndGlobalSection
	GlobalSection(ProjectConfigurationPlatforms) = postSolution
		{29F22A63-DEEB-4895-9A02-46DC94B62A06}.Debug|Any CPU.ActiveCfg = Debug|Any CPU
		{29F22A63-DEEB-4895-9A02-46DC94B62A06}.Debug|Any CPU.Build.0 = Debug|Any CPU
		{29F22A63-DEEB-4895-9A02-46DC94B62A06}.Release|Any CPU.ActiveCfg = Release|Any CPU
		{29F22A63-DEEB-4895-9A02-46DC94B62A06}.Release|Any CPU.Build.0 = Release|Any CPU
		{F58A54A7-A1D4-4D1B-B2E8-D50815062E96}.Debug|Any CPU.ActiveCfg = Debug|Any CPU
		{F58A54A7-A1D4-4D1B-B2E8-D50815062E96}.Debug|Any CPU.Build.0 = Debug|Any CPU
		{F58A54A7-A1D4-4D1B-B2E8-D50815062E96}.Release|Any CPU.ActiveCfg = Release|Any CPU
		{F58A54A7-A1D4-4D1B-B2E8-D50815062E96}.Release|Any CPU.Build.0 = Release|Any CPU
	EndGlobalSection
	GlobalSection(SolutionProperties) = preSolution
		HideSolutionNode = FALSE
	EndGlobalSection
	GlobalSection(ExtensibilityGlobals) = postSolution
		SolutionGuid = {05F175D6-88C3-4CA1-99C1-3796C24AF9DF}
	EndGlobalSection
EndGlobal
